
Microsoft Visual Studio Solution File, Format Version 12.00
# Visual Studio 15
VisualStudioVersion = 15.0.26730.10
MinimumVisualStudioVersion = 15.0.26124.0
Project("{9A19103F-16F7-4668-BE54-9A1E7A4F7556}") = "Presentation.WebSPA", "Presentation.WebSPA\Presentation.WebSPA.csproj", "{234964C6-0AD0-4AB9-B661-6FC9A48D2EA2}"
	GlobalSection(PlasticSccProperties) = preSolution
		ControlledByPlastic = True
		SccProvider = Plastic SCM
	EndGlobalSection
EndProject
Global
	GlobalSection(SolutionConfigurationPlatforms) = preSolution
		Debug|Any CPU = Debug|Any CPU
		Debug|x64 = Debug|x64
		Debug|x86 = Debug|x86
		Release|Any CPU = Release|Any CPU
		Release|x64 = Release|x64
		Release|x86 = Release|x86
	EndGlobalSection
	GlobalSection(ProjectConfigurationPlatforms) = postSolution
		{234964C6-0AD0-4AB9-B661-6FC9A48D2EA2}.Debug|Any CPU.ActiveCfg = Debug|Any CPU
		{234964C6-0AD0-4AB9-B661-6FC9A48D2EA2}.Debug|Any CPU.Build.0 = Debug|Any CPU
		{234964C6-0AD0-4AB9-B661-6FC9A48D2EA2}.Debug|x64.ActiveCfg = Debug|Any CPU
		{234964C6-0AD0-4AB9-B661-6FC9A48D2EA2}.Debug|x64.Build.0 = Debug|Any CPU
		{234964C6-0AD0-4AB9-B661-6FC9A48D2EA2}.Debug|x86.ActiveCfg = Debug|Any CPU
		{234964C6-0AD0-4AB9-B661-6FC9A48D2EA2}.Debug|x86.Build.0 = Debug|Any CPU
		{234964C6-0AD0-4AB9-B661-6FC9A48D2EA2}.Release|Any CPU.ActiveCfg = Release|Any CPU
		{234964C6-0AD0-4AB9-B661-6FC9A48D2EA2}.Release|Any CPU.Build.0 = Release|Any CPU
		{234964C6-0AD0-4AB9-B661-6FC9A48D2EA2}.Release|x64.ActiveCfg = Release|Any CPU
		{234964C6-0AD0-4AB9-B661-6FC9A48D2EA2}.Release|x64.Build.0 = Release|Any CPU
		{234964C6-0AD0-4AB9-B661-6FC9A48D2EA2}.Release|x86.ActiveCfg = Release|Any CPU
		{234964C6-0AD0-4AB9-B661-6FC9A48D2EA2}.Release|x86.Build.0 = Release|Any CPU
	EndGlobalSection
	GlobalSection(SolutionProperties) = preSolution
		HideSolutionNode = FALSE
	EndGlobalSection
	GlobalSection(ExtensibilityGlobals) = postSolution
		SolutionGuid = {02866431-68B3-4256-AC8B-9852E36C7326}
	EndGlobalSection
	GlobalSection(PlasticSccProperties) = preSolution
		ControlledByPlastic = True
		SccProvider = Plastic SCM
	EndGlobalSection
	GlobalSection(CodealikeProperties) = postSolution
		SolutionGuid = 78e37fa3-28d5-4f18-bf3d-74260e3a0b77
	EndGlobalSection
EndGlobal
